
Microsoft Visual Studio Solution File, Format Version 12.00
# Visual Studio Version 17
VisualStudioVersion = 17.0.32014.148
MinimumVisualStudioVersion = 10.0.40219.1
Project("{FAE04EC0-301F-11D3-BF4B-00C04F79EFBC}") = "Prueba sophos", "Prueba sophos\Prueba sophos.csproj", "{9907F1E6-35AF-434C-A4D0-629C59F2A4CC}"
EndProject
Global
	GlobalSection(SolutionConfigurationPlatforms) = preSolution
		Debug|Any CPU = Debug|Any CPU
		Release|Any CPU = Release|Any CPU
	EndGlobalSection
	GlobalSection(ProjectConfigurationPlatforms) = postSolution
		{9907F1E6-35AF-434C-A4D0-629C59F2A4CC}.Debug|Any CPU.ActiveCfg = Debug|Any CPU
		{9907F1E6-35AF-434C-A4D0-629C59F2A4CC}.Debug|Any CPU.Build.0 = Debug|Any CPU
		{9907F1E6-35AF-434C-A4D0-629C59F2A4CC}.Release|Any CPU.ActiveCfg = Release|Any CPU
		{9907F1E6-35AF-434C-A4D0-629C59F2A4CC}.Release|Any CPU.Build.0 = Release|Any CPU
	EndGlobalSection
	GlobalSection(SolutionProperties) = preSolution
		HideSolutionNode = FALSE
	EndGlobalSection
	GlobalSection(ExtensibilityGlobals) = postSolution
		SolutionGuid = {0F9149F3-1779-4835-88E0-FD3443ABDD4E}
	EndGlobalSection
EndGlobal
